
Microsoft Visual Studio Solution File, Format Version 12.00
# Visual Studio Version 16
VisualStudioVersion = 16.0.29509.3
MinimumVisualStudioVersion = 10.0.40219.1
Project("{9A19103F-16F7-4668-BE54-9A1E7A4F7556}") = "H4_API.Web", "H4_API.Web\H4_API.Web.csproj", "{49A2F353-7FEB-487E-BED9-2C41CD630401}"
EndProject
Project("{9A19103F-16F7-4668-BE54-9A1E7A4F7556}") = "H4_API.Application", "H4_API.Application\H4_API.Application.csproj", "{532DDB54-2952-40E3-974C-74DF6E281BE1}"
EndProject
Project("{9A19103F-16F7-4668-BE54-9A1E7A4F7556}") = "H4_API.Core", "H4_API.Core\H4_API.Core.csproj", "{4815DCC2-4E98-44D7-83E0-56CB1F97B315}"
EndProject
Project("{9A19103F-16F7-4668-BE54-9A1E7A4F7556}") = "H4_API.Domain", "H4_API.Domain\H4_API.Domain.csproj", "{D1EAF42F-BF14-48D0-96E8-1431F7139F5C}"
EndProject
Project("{9A19103F-16F7-4668-BE54-9A1E7A4F7556}") = "H4_API.Infrastructure", "H4_API.Infrastructure\H4_API.Infrastructure.csproj", "{07FD844D-9788-4BC6-9A44-C090E12D8E62}"
EndProject
Project("{9A19103F-16F7-4668-BE54-9A1E7A4F7556}") = "H4_API.UseCases", "H4_API.UseCases\H4_API.UseCases.csproj", "{E08BBF6A-4BCE-47EC-9604-98F7CDF725B5}"
EndProject
Global
	GlobalSection(SolutionConfigurationPlatforms) = preSolution
		Debug|Any CPU = Debug|Any CPU
		Release|Any CPU = Release|Any CPU
	EndGlobalSection
	GlobalSection(ProjectConfigurationPlatforms) = postSolution
		{49A2F353-7FEB-487E-BED9-2C41CD630401}.Debug|Any CPU.ActiveCfg = Debug|Any CPU
		{49A2F353-7FEB-487E-BED9-2C41CD630401}.Debug|Any CPU.Build.0 = Debug|Any CPU
		{49A2F353-7FEB-487E-BED9-2C41CD630401}.Release|Any CPU.ActiveCfg = Release|Any CPU
		{49A2F353-7FEB-487E-BED9-2C41CD630401}.Release|Any CPU.Build.0 = Release|Any CPU
		{532DDB54-2952-40E3-974C-74DF6E281BE1}.Debug|Any CPU.ActiveCfg = Debug|Any CPU
		{532DDB54-2952-40E3-974C-74DF6E281BE1}.Debug|Any CPU.Build.0 = Debug|Any CPU
		{532DDB54-2952-40E3-974C-74DF6E281BE1}.Release|Any CPU.ActiveCfg = Release|Any CPU
		{532DDB54-2952-40E3-974C-74DF6E281BE1}.Release|Any CPU.Build.0 = Release|Any CPU
		{4815DCC2-4E98-44D7-83E0-56CB1F97B315}.Debug|Any CPU.ActiveCfg = Debug|Any CPU
		{4815DCC2-4E98-44D7-83E0-56CB1F97B315}.Debug|Any CPU.Build.0 = Debug|Any CPU
		{4815DCC2-4E98-44D7-83E0-56CB1F97B315}.Release|Any CPU.ActiveCfg = Release|Any CPU
		{4815DCC2-4E98-44D7-83E0-56CB1F97B315}.Release|Any CPU.Build.0 = Release|Any CPU
		{D1EAF42F-BF14-48D0-96E8-1431F7139F5C}.Debug|Any CPU.ActiveCfg = Debug|Any CPU
		{D1EAF42F-BF14-48D0-96E8-1431F7139F5C}.Debug|Any CPU.Build.0 = Debug|Any CPU
		{D1EAF42F-BF14-48D0-96E8-1431F7139F5C}.Release|Any CPU.ActiveCfg = Release|Any CPU
		{D1EAF42F-BF14-48D0-96E8-1431F7139F5C}.Release|Any CPU.Build.0 = Release|Any CPU
		{07FD844D-9788-4BC6-9A44-C090E12D8E62}.Debug|Any CPU.ActiveCfg = Debug|Any CPU
		{07FD844D-9788-4BC6-9A44-C090E12D8E62}.Debug|Any CPU.Build.0 = Debug|Any CPU
		{07FD844D-9788-4BC6-9A44-C090E12D8E62}.Release|Any CPU.ActiveCfg = Release|Any CPU
		{07FD844D-9788-4BC6-9A44-C090E12D8E62}.Release|Any CPU.Build.0 = Release|Any CPU
		{E08BBF6A-4BCE-47EC-9604-98F7CDF725B5}.Debug|Any CPU.ActiveCfg = Debug|Any CPU
		{E08BBF6A-4BCE-47EC-9604-98F7CDF725B5}.Debug|Any CPU.Build.0 = Debug|Any CPU
		{E08BBF6A-4BCE-47EC-9604-98F7CDF725B5}.Release|Any CPU.ActiveCfg = Release|Any CPU
		{E08BBF6A-4BCE-47EC-9604-98F7CDF725B5}.Release|Any CPU.Build.0 = Release|Any CPU
	EndGlobalSection
	GlobalSection(SolutionProperties) = preSolution
		HideSolutionNode = FALSE
	EndGlobalSection
	GlobalSection(ExtensibilityGlobals) = postSolution
		SolutionGuid = {FF5E50CB-854C-447E-B442-90B4E7827EA4}
	EndGlobalSection
EndGlobal
